
Microsoft Visual Studio Solution File, Format Version 12.00
# Visual Studio Version 17
VisualStudioVersion = 17.0.31903.59
MinimumVisualStudioVersion = 10.0.40219.1
Project("{FAE04EC0-301F-11D3-BF4B-00C04F79EFBC}") = "Captcha1", "Captcha1\Captcha1.csproj", "{5BFE1A91-D275-433D-90FE-BC449FA8A09F}"
EndProject
Global
	GlobalSection(SolutionConfigurationPlatforms) = preSolution
		Debug|Any CPU = Debug|Any CPU
		Release|Any CPU = Release|Any CPU
	EndGlobalSection
	GlobalSection(SolutionProperties) = preSolution
		HideSolutionNode = FALSE
	EndGlobalSection
	GlobalSection(ProjectConfigurationPlatforms) = postSolution
		{5BFE1A91-D275-433D-90FE-BC449FA8A09F}.Debug|Any CPU.ActiveCfg = Debug|Any CPU
		{5BFE1A91-D275-433D-90FE-BC449FA8A09F}.Debug|Any CPU.Build.0 = Debug|Any CPU
		{5BFE1A91-D275-433D-90FE-BC449FA8A09F}.Release|Any CPU.ActiveCfg = Release|Any CPU
		{5BFE1A91-D275-433D-90FE-BC449FA8A09F}.Release|Any CPU.Build.0 = Release|Any CPU
		{3ADBE55E-4003-440B-9BE0-EDCD71C624EB}.Debug|Any CPU.ActiveCfg = Debug|Any CPU
		{3ADBE55E-4003-440B-9BE0-EDCD71C624EB}.Debug|Any CPU.Build.0 = Debug|Any CPU
		{3ADBE55E-4003-440B-9BE0-EDCD71C624EB}.Release|Any CPU.ActiveCfg = Release|Any CPU
		{3ADBE55E-4003-440B-9BE0-EDCD71C624EB}.Release|Any CPU.Build.0 = Release|Any CPU
	EndGlobalSection
EndGlobal
